// !$*UTF8*$!
{
	archiveVersion = 1;
	classes = {
	};
	objectVersion = 46;
	objects = {

/* Begin PBXBuildFile section */
		06578D2B1BD9CF470001F524 /* AppDelegate.swift in Sources */ = {isa = PBXBuildFile; fileRef = 06578D2A1BD9CF470001F524 /* AppDelegate.swift */; };
		06578D2D1BD9CF470001F524 /* ViewController.swift in Sources */ = {isa = PBXBuildFile; fileRef = 06578D2C1BD9CF470001F524 /* ViewController.swift */; };
		06578D301BD9CF470001F524 /* Main.storyboard in Resources */ = {isa = PBXBuildFile; fileRef = 06578D2E1BD9CF470001F524 /* Main.storyboard */; };
		06578D321BD9CF470001F524 /* Images.xcassets in Resources */ = {isa = PBXBuildFile; fileRef = 06578D311BD9CF470001F524 /* Images.xcassets */; };
		06578D351BD9CF470001F524 /* LaunchScreen.xib in Resources */ = {isa = PBXBuildFile; fileRef = 06578D331BD9CF470001F524 /* LaunchScreen.xib */; };
		06578D411BD9CF470001F524 /* PodsTestTests.swift in Sources */ = {isa = PBXBuildFile; fileRef = 06578D401BD9CF470001F524 /* PodsTestTests.swift */; };
/* End PBXBuildFile section */

/* Begin PBXContainerItemProxy section */
		06578D3B1BD9CF470001F524 /* PBXContainerItemProxy */ = {
			isa = PBXContainerItemProxy;
			containerPortal = 06578D1D1BD9CF470001F524 /* Project object */;
			proxyType = 1;
			remoteGlobalIDString = 06578D241BD9CF470001F524;
			remoteInfo = PodsTest;
		};
/* End PBXContainerItemProxy section */

/* Begin PBXFileReference section */
		06578D251BD9CF470001F524 /* PodsTest.app */ = {isa = PBXFileReference; explicitFileType = wrapper.application; includeInIndex = 0; path = PodsTest.app; sourceTree = BUILT_PRODUCTS_DIR; };
		06578D291BD9CF470001F524 /* Info.plist */ = {isa = PBXFileReference; lastKnownFileType = text.plist.xml; path = Info.plist; sourceTree = "<group>"; };
		06578D2A1BD9CF470001F524 /* AppDelegate.swift */ = {isa = PBXFileReference; lastKnownFileType = sourcecode.swift; path = AppDelegate.swift; sourceTree = "<group>"; };
		06578D2C1BD9CF470001F524 /* ViewController.swift */ = {isa = PBXFileReference; lastKnownFileType = sourcecode.swift; path = ViewController.swift; sourceTree = "<group>"; };
		06578D2F1BD9CF470001F524 /* Base */ = {isa = PBXFileReference; lastKnownFileType = file.storyboard; name = Base; path = Base.lproj/Main.storyboard; sourceTree = "<group>"; };
		06578D311BD9CF470001F524 /* Images.xcassets */ = {isa = PBXFileReference; lastKnownFileType = folder.assetcatalog; path = Images.xcassets; sourceTree = "<group>"; };
		06578D341BD9CF470001F524 /* Base */ = {isa = PBXFileReference; lastKnownFileType = file.xib; name = Base; path = Base.lproj/LaunchScreen.xib; sourceTree = "<group>"; };
		06578D3A1BD9CF470001F524 /* PodsTestTests.xctest */ = {isa = PBXFileReference; explicitFileType = wrapper.cfbundle; includeInIndex = 0; path = PodsTestTests.xctest; sourceTree = BUILT_PRODUCTS_DIR; };
		06578D3F1BD9CF470001F524 /* Info.plist */ = {isa = PBXFileReference; lastKnownFileType = text.plist.xml; path = Info.plist; sourceTree = "<group>"; };
		06578D401BD9CF470001F524 /* PodsTestTests.swift */ = {isa = PBXFileReference; lastKnownFileType = sourcecode.swift; path = PodsTestTests.swift; sourceTree = "<group>"; };
/* End PBXFileReference section */

/* Begin PBXFrameworksBuildPhase section */
		06578D221BD9CF470001F524 /* Frameworks */ = {
			isa = PBXFrameworksBuildPhase;
			buildActionMask = 2147483647;
			files = (
			);
			runOnlyForDeploymentPostprocessing = 0;
		};
		06578D371BD9CF470001F524 /* Frameworks */ = {
			isa = PBXFrameworksBuildPhase;
			buildActionMask = 2147483647;
			files = (
			);
			runOnlyForDeploymentPostprocessing = 0;
		};
/* End PBXFrameworksBuildPhase section */

/* Begin PBXGroup section */
		06578D1C1BD9CF470001F524 = {
			isa = PBXGroup;
			children = (
				06578D271BD9CF470001F524 /* PodsTest */,
				06578D3D1BD9CF470001F524 /* PodsTestTests */,
				06578D261BD9CF470001F524 /* Products */,
			);
			sourceTree = "<group>";
		};
		06578D261BD9CF470001F524 /* Products */ = {
			isa = PBXGroup;
			children = (
				06578D251BD9CF470001F524 /* PodsTest.app */,
				06578D3A1BD9CF470001F524 /* PodsTestTests.xctest */,
			);
			name = Products;
			sourceTree = "<group>";
		};
		06578D271BD9CF470001F524 /* PodsTest */ = {
			isa = PBXGroup;
			children = (
				06578D2A1BD9CF470001F524 /* AppDelegate.swift */,
				06578D2C1BD9CF470001F524 /* ViewController.swift */,
				06578D2E1BD9CF470001F524 /* Main.storyboard */,
				06578D311BD9CF470001F524 /* Images.xcassets */,
				06578D331BD9CF470001F524 /* LaunchScreen.xib */,
				06578D281BD9CF470001F524 /* Supporting Files */,
			);
			path = PodsTest;
			sourceTree = "<group>";
		};
		06578D281BD9CF470001F524 /* Supporting Files */ = {
			isa = PBXGroup;
			children = (
				06578D291BD9CF470001F524 /* Info.plist */,
			);
			name = "Supporting Files";
			sourceTree = "<group>";
		};
		06578D3D1BD9CF470001F524 /* PodsTestTests */ = {
			isa = PBXGroup;
			children = (
				06578D401BD9CF470001F524 /* PodsTestTests.swift */,
				06578D3E1BD9CF470001F524 /* Supporting Files */,
			);
			path = PodsTestTests;
			sourceTree = "<group>";
		};
		06578D3E1BD9CF470001F524 /* Supporting Files */ = {
			isa = PBXGroup;
			children = (
				06578D3F1BD9CF470001F524 /* Info.plist */,
			);
			name = "Supporting Files";
			sourceTree = "<group>";
		};
/* End PBXGroup section */

/* Begin PBXNativeTarget section */
		06578D241BD9CF470001F524 /* PodsTest */ = {
			isa = PBXNativeTarget;
			buildConfigurationList = 06578D441BD9CF470001F524 /* Build configuration list for PBXNativeTarget "PodsTest" */;
			buildPhases = (
				06578D211BD9CF470001F524 /* Sources */,
				06578D221BD9CF470001F524 /* Frameworks */,
				06578D231BD9CF470001F524 /* Resources */,
			);
			buildRules = (
			);
			dependencies = (
			);
			name = PodsTest;
			productName = PodsTest;
			productReference = 06578D251BD9CF470001F524 /* PodsTest.app */;
			productType = "com.apple.product-type.application";
		};
		06578D391BD9CF470001F524 /* PodsTestTests */ = {
			isa = PBXNativeTarget;
			buildConfigurationList = 06578D471BD9CF470001F524 /* Build configuration list for PBXNativeTarget "PodsTestTests" */;
			buildPhases = (
				06578D361BD9CF470001F524 /* Sources */,
				06578D371BD9CF470001F524 /* Frameworks */,
				06578D381BD9CF470001F524 /* Resources */,
			);
			buildRules = (
			);
			dependencies = (
				06578D3C1BD9CF470001F524 /* PBXTargetDependency */,
			);
			name = PodsTestTests;
			productName = PodsTestTests;
			productReference = 06578D3A1BD9CF470001F524 /* PodsTestTests.xctest */;
			productType = "com.apple.product-type.bundle.unit-test";
		};
/* End PBXNativeTarget section */

/* Begin PBXProject section */
		06578D1D1BD9CF470001F524 /* Project object */ = {
			isa = PBXProject;
			attributes = {
				LastUpgradeCheck = 0640;
				ORGANIZATIONNAME = GML;
				TargetAttributes = {
					06578D241BD9CF470001F524 = {
						CreatedOnToolsVersion = 6.4;
					};
					06578D391BD9CF470001F524 = {
						CreatedOnToolsVersion = 6.4;
						TestTargetID = 06578D241BD9CF470001F524;
					};
				};
			};
			buildConfigurationList = 06578D201BD9CF470001F524 /* Build configuration list for PBXProject "PodsTest" */;
			compatibilityVersion = "Xcode 3.2";
			developmentRegion = English;
			hasScannedForEncodings = 0;
			knownRegions = (
				en,
				Base,
			);
			mainGroup = 06578D1C1BD9CF470001F524;
			productRefGroup = 06578D261BD9CF470001F524 /* Products */;
			projectDirPath = "";
			projectRoot = "";
			targets = (
				06578D241BD9CF470001F524 /* PodsTest */,
				06578D391BD9CF470001F524 /* PodsTestTests */,
			);
		};
/* End PBXProject section */

/* Begin PBXResourcesBuildPhase section */
		06578D231BD9CF470001F524 /* Resources */ = {
			isa = PBXResourcesBuildPhase;
			buildActionMask = 2147483647;
			files = (
				06578D301BD9CF470001F524 /* Main.storyboard in Resources */,
				06578D351BD9CF470001F524 /* LaunchScreen.xib in Resources */,
				06578D321BD9CF470001F524 /* Images.xcassets in Resources */,
			);
			runOnlyForDeploymentPostprocessing = 0;
		};
		06578D381BD9CF470001F524 /* Resources */ = {
			isa = PBXResourcesBuildPhase;
			buildActionMask = 2147483647;
			files = (
			);
			runOnlyForDeploymentPostprocessing = 0;
		};
/* End PBXResourcesBuildPhase section */

/* Begin PBXSourcesBuildPhase section */
		06578D211BD9CF470001F524 /* Sources */ = {
			isa = PBXSourcesBuildPhase;
			buildActionMask = 2147483647;
			files = (
				06578D2D1BD9CF470001F524 /* ViewController.swift in Sources */,
				06578D2B1BD9CF470001F524 /* AppDelegate.swift in Sources */,
			);
			runOnlyForDeploymentPostprocessing = 0;
		};
		06578D361BD9CF470001F524 /* Sources */ = {
			isa = PBXSourcesBuildPhase;
			buildActionMask = 2147483647;
			files = (
				06578D411BD9CF470001F524 /* PodsTestTests.swift in Sources */,
			);
			runOnlyForDeploymentPostprocessing = 0;
		};
/* End PBXSourcesBuildPhase section */

/* Begin PBXTargetDependency section */
		06578D3C1BD9CF470001F524 /* PBXTargetDependency */ = {
			isa = PBXTargetDependency;
			target = 06578D241BD9CF470001F524 /* PodsTest */;
			targetProxy = 06578D3B1BD9CF470001F524 /* PBXContainerItemProxy */;
		};
/* End PBXTargetDependency section */

/* Begin PBXVariantGroup section */
		06578D2E1BD9CF470001F524 /* Main.storyboard */ = {
			isa = PBXVariantGroup;
			children = (
				06578D2F1BD9CF470001F524 /* Base */,
			);
			name = Main.storyboard;
			sourceTree = "<group>";
		};
		06578D331BD9CF470001F524 /* LaunchScreen.xib */ = {
			isa = PBXVariantGroup;
			children = (
				06578D341BD9CF470001F524 /* Base */,
			);
			name = LaunchScreen.xib;
			sourceTree = "<group>";
		};
/* End PBXVariantGroup section */

/* Begin XCBuildConfiguration section */
		06578D421BD9CF470001F524 /* Debug */ = {
			isa = XCBuildConfiguration;
			buildSettings = {
				ALWAYS_SEARCH_USER_PATHS = NO;
				CLANG_CXX_LANGUAGE_STANDARD = "gnu++0x";
				CLANG_CXX_LIBRARY = "libc++";
				CLANG_ENABLE_MODULES = YES;
				CLANG_ENABLE_OBJC_ARC = YES;
				CLANG_WARN_BOOL_CONVERSION = YES;
				CLANG_WARN_CONSTANT_CONVERSION = YES;
				CLANG_WARN_DIRECT_OBJC_ISA_USAGE = YES_ERROR;
				CLANG_WARN_EMPTY_BODY = YES;
				CLANG_WARN_ENUM_CONVERSION = YES;
				CLANG_WARN_INT_CONVERSION = YES;
				CLANG_WARN_OBJC_ROOT_CLASS = YES_ERROR;
				CLANG_WARN_UNREACHABLE_CODE = YES;
				CLANG_WARN__DUPLICATE_METHOD_MATCH = YES;
				"CODE_SIGN_IDENTITY[sdk=iphoneos*]" = "iPhone Developer";
				COPY_PHASE_STRIP = NO;
				DEBUG_INFORMATION_FORMAT = "dwarf-with-dsym";
				ENABLE_STRICT_OBJC_MSGSEND = YES;
				GCC_C_LANGUAGE_STANDARD = gnu99;
				GCC_DYNAMIC_NO_PIC = NO;
				GCC_NO_COMMON_BLOCKS = YES;
				GCC_OPTIMIZATION_LEVEL = 0;
				GCC_PREPROCESSOR_DEFINITIONS = (
					"DEBUG=1",
					"$(inherited)",
				);
				GCC_SYMBOLS_PRIVATE_EXTERN = NO;
				GCC_WARN_64_TO_32_BIT_CONVERSION = YES;
				GCC_WARN_ABOUT_RETURN_TYPE = YES_ERROR;
				GCC_WARN_UNDECLARED_SELECTOR = YES;
				GCC_WARN_UNINITIALIZED_AUTOS = YES_AGGRESSIVE;
				GCC_WARN_UNUSED_FUNCTION = YES;
				GCC_WARN_UNUSED_VARIABLE = YES;
				IPHONEOS_DEPLOYMENT_TARGET = 8.4;
				MTL_ENABLE_DEBUG_INFO = YES;
				ONLY_ACTIVE_ARCH = YES;
				SDKROOT = iphoneos;
				SWIFT_OPTIMIZATION_LEVEL = "-Onone";
			};
			name = Debug;
		};
		06578D431BD9CF470001F524 /* Release */ = {
			isa = XCBuildConfiguration;
			buildSettings = {
				ALWAYS_SEARCH_USER_PATHS = NO;
				CLANG_CXX_LANGUAGE_STANDARD = "gnu++0x";
				CLANG_CXX_LIBRARY = "libc++";
				CLANG_ENABLE_MODULES = YES;
				CLANG_ENABLE_OBJC_ARC = YES;
				CLANG_WARN_BOOL_CONVERSION = YES;
				CLANG_WARN_CONSTANT_CONVERSION = YES;
				CLANG_WARN_DIRECT_OBJC_ISA_USAGE = YES_ERROR;
				CLANG_WARN_EMPTY_BODY = YES;
				CLANG_WARN_ENUM_CONVERSION = YES;
				CLANG_WARN_INT_CONVERSION = YES;
				CLANG_WARN_OBJC_ROOT_CLASS = YES_ERROR;
				CLANG_WARN_UNREACHABLE_CODE = YES;
				CLANG_WARN__DUPLICATE_METHOD_MATCH = YES;
				"CODE_SIGN_IDENTITY[sdk=iphoneos*]" = "iPhone Developer";
				COPY_PHASE_STRIP = NO;
				DEBUG_INFORMATION_FORMAT = "dwarf-with-dsym";
				ENABLE_NS_ASSERTIONS = NO;
				ENABLE_STRICT_OBJC_MSGSEND = YES;
				GCC_C_LANGUAGE_STANDARD = gnu99;
				GCC_NO_COMMON_BLOCKS = YES;
				GCC_WARN_64_TO_32_BIT_CONVERSION = YES;
				GCC_WARN_ABOUT_RETURN_TYPE = YES_ERROR;
				GCC_WARN_UNDECLARED_SELECTOR = YES;
				GCC_WARN_UNINITIALIZED_AUTOS = YES_AGGRESSIVE;
				GCC_WARN_UNUSED_FUNCTION = YES;
				GCC_WARN_UNUSED_VARIABLE = YES;
				IPHONEOS_DEPLOYMENT_TARGET = 8.4;
				MTL_ENABLE_DEBUG_INFO = NO;
				SDKROOT = iphoneos;
				VALIDATE_PRODUCT = YES;
			};
			name = Release;
		};
		06578D451BD9CF470001F524 /* Debug */ = {
			isa = XCBuildConfiguration;
			buildSettings = {
				ASSETCATALOG_COMPILER_APPICON_NAME = AppIcon;
				INFOPLIST_FILE = PodsTest/Info.plist;
				LD_RUNPATH_SEARCH_PATHS = "$(inherited) @executable_path/Frameworks";
				PRODUCT_NAME = "$(TARGET_NAME)";
			};
			name = Debug;
		};
		06578D461BD9CF470001F524 /* Release */ = {
			isa = XCBuildConfiguration;
			buildSettings = {
				ASSETCATALOG_COMPILER_APPICON_NAME = AppIcon;
				INFOPLIST_FILE = PodsTest/Info.plist;
				LD_RUNPATH_SEARCH_PATHS = "$(inherited) @executable_path/Frameworks";
				PRODUCT_NAME = "$(TARGET_NAME)";
			};
			name = Release;
		};
		06578D481BD9CF470001F524 /* Debug */ = {
			isa = XCBuildConfiguration;
			buildSettings = {
				BUNDLE_LOADER = "$(TEST_HOST)";
				FRAMEWORK_SEARCH_PATHS = (
					"$(SDKROOT)/Developer/Library/Frameworks",
					"$(inherited)",
				);
				GCC_PREPROCESSOR_DEFINITIONS = (
					"DEBUG=1",
					"$(inherited)",
				);
				INFOPLIST_FILE = PodsTestTests/Info.plist;
				LD_RUNPATH_SEARCH_PATHS = "$(inherited) @executable_path/Frameworks @loader_path/Frameworks";
				PRODUCT_NAME = "$(TARGET_NAME)";
				TEST_HOST = "$(BUILT_PRODUCTS_DIR)/PodsTest.app/PodsTest";
			};
			name = Debug;
		};
		06578D491BD9CF470001F524 /* Release */ = {
			isa = XCBuildConfiguration;
			buildSettings = {
				BUNDLE_LOADER = "$(TEST_HOST)";
				FRAMEWORK_SEARCH_PATHS = (
					"$(SDKROOT)/Developer/Library/Frameworks",
					"$(inherited)",
				);
				INFOPLIST_FILE = PodsTestTests/Info.plist;
				LD_RUNPATH_SEARCH_PATHS = "$(inherited) @executable_path/Frameworks @loader_path/Frameworks";
				PRODUCT_NAME = "$(TARGET_NAME)";
				TEST_HOST = "$(BUILT_PRODUCTS_DIR)/PodsTest.app/PodsTest";
			};
			name = Release;
		};
/* End XCBuildConfiguration section */

/* Begin XCConfigurationList section */
		06578D201BD9CF470001F524 /* Build configuration list for PBXProject "PodsTest" */ = {
			isa = XCConfigurationList;
			buildConfigurations = (
				06578D421BD9CF470001F524 /* Debug */,
				06578D431BD9CF470001F524 /* Release */,
			);
			defaultConfigurationIsVisible = 0;
			defaultConfigurationName = Release;
		};
		06578D441BD9CF470001F524 /* Build configuration list for PBXNativeTarget "PodsTest" */ = {
			isa = XCConfigurationList;
			buildConfigurations = (
				06578D451BD9CF470001F524 /* Debug */,
				06578D461BD9CF470001F524 /* Release */,
			);
			defaultConfigurationIsVisible = 0;
		};
		06578D471BD9CF470001F524 /* Build configuration list for PBXNativeTarget "PodsTestTests" */ = {
			isa = XCConfigurationList;
			buildConfigurations = (
				06578D481BD9CF470001F524 /* Debug */,
				06578D491BD9CF470001F524 /* Release */,
			);
			defaultConfigurationIsVisible = 0;
		};
/* End XCConfigurationList section */
	};
	rootObject = 06578D1D1BD9CF470001F524 /* Project object */;
}
